
Microsoft Visual Studio Solution File, Format Version 12.00
# Visual Studio 15
Project("{FAE04EC0-301F-11D3-BF4B-00C04F79EFBC}") = "Assembly-CSharp", "Assembly-CSharp.csproj", "{364D687F-F1D6-AA70-C941-7F854D4B699A}"
EndProject
Global
	GlobalSection(SolutionConfigurationPlatforms) = preSolution
		Debug|Any CPU = Debug|Any CPU
		Release|Any CPU = Release|Any CPU
	EndGlobalSection
	GlobalSection(ProjectConfigurationPlatforms) = postSolution
		{364D687F-F1D6-AA70-C941-7F854D4B699A}.Debug|Any CPU.ActiveCfg = Debug|Any CPU
		{364D687F-F1D6-AA70-C941-7F854D4B699A}.Debug|Any CPU.Build.0 = Debug|Any CPU
		{364D687F-F1D6-AA70-C941-7F854D4B699A}.Release|Any CPU.ActiveCfg = Release|Any CPU
		{364D687F-F1D6-AA70-C941-7F854D4B699A}.Release|Any CPU.Build.0 = Release|Any CPU
	EndGlobalSection
	GlobalSection(SolutionProperties) = preSolution
		HideSolutionNode = FALSE
	EndGlobalSection
EndGlobal
